{
    "lockfile_version": "1.0",
    "created_at": "2026-07-03T05:07:21.705177+08:00",
    "invocation": {
        "command": "terminal-bench",
        "args": [
            "run",
            "-a",
            "terminus-2",
            "-m",
            "openai/hy3-preview-ioa",
            "-p",
            "/root/workspace/SkillForge/.datasets/terminal-bench-2",
            "--output-path",
            "/root/workspace/SkillForge/experiments_results/harbor_tb2/hy3-preview-ioa/runs_A_iter2",
            "--n-attempts",
            "1",
            "--n-concurrent",
            "8",
            "--no-rebuild",
            "--n-tasks",
            "80"
        ]
    },
    "harness": {
        "package": "terminal-bench",
        "version": "0.2.18",
        "is_editable_installation": false
    },
    "agent": {
        "name": "terminus-2",
        "import_path": "terminal_bench.agents.terminus_2.terminus_2:Terminus2",
        "model_name": "openai/hy3-preview-ioa",
        "extra_kwargs": {
            "no_rebuild": true,
            "model_name": "openai/hy3-preview-ioa"
        }
    },
    "run_config": {
        "log_level": "info",
        "livestream": false,
        "n_concurrent_trials": 8,
        "n_attempts": 1,
        "no_rebuild": true,
        "cleanup": true,
        "global_timeout_multiplier": 1.0,
        "global_agent_timeout_sec": null,
        "global_test_timeout_sec": null
    },
    "dataset": {
        "name": null,
        "version": null,
        "local_path": "/root/workspace/SkillForge/.datasets/terminal-bench-2",
        "task_ids": [
            "super-benchmark-upet",
            "build-linux-kernel-qemu",
            "play-zork",
            "eval-mteb.hard",
            "eval-mteb",
            "conda-env-conflict-resolution",
            "swe-bench-astropy-2",
            "run-pdp11-code",
            "swe-bench-fsspec",
            "swe-bench-astropy-1",
            "blind-maze-explorer-algorithm",
            "blind-maze-explorer-5x5",
            "blind-maze-explorer-algorithm.hard",
            "blind-maze-explorer-algorithm.easy",
            "train-fasttext",
            "incompatible-python-fasttext.base_with_hint",
            "incompatible-python-fasttext",
            "grid-pattern-transform",
            "qemu-startup",
            "count-dataset-tokens",
            "qemu-alpine-ssh",
            "download-youtube",
            "git-multibranch",
            "pytorch-model-cli",
            "cron-broken-network",
            "pytorch-model-cli.easy",
            "pytorch-model-cli.hard",
            "decommissioning-service-with-sensitive-data",
            "openssl-selfsigned-cert",
            "build-initramfs-qemu",
            "password-recovery",
            "fix-pandas-version",
            "raman-fitting",
            "configure-git-webserver",
            "fibonacci-server",
            "write-compressor",
            "raman-fitting.easy",
            "modernize-fortran-build",
            "heterogeneous-dates",
            "new-encrypt-command",
            "processing-pipeline",
            "sqlite-with-gcov",
            "swe-bench-langcodes",
            "sqlite-db-truncate",
            "intrusion-detection",
            "fix-git",
            "organization-json-generator",
            "csv-to-parquet",
            "security-vulhub-minio",
            "sanitize-git-repo",
            "prove-plus-comm",
            "oom",
            "cartpole-rl-training",
            "simple-sheets-put",
            "crack-7z-hash.hard",
            "path-tracing-reverse",
            "create-bucket",
            "gpt2-codegolf",
            "reshard-c4-data",
            "extract-moves-from-video",
            "solana-data",
            "polyglot-c-py",
            "path-tracing",
            "polyglot-rust-c",
            "crack-7z-hash",
            "crack-7z-hash.easy",
            "git-workflow-hack",
            "simple-web-scraper",
            "jupyter-notebook-server",
            "fix-permissions",
            "hf-model-inference",
            "nginx-request-logging",
            "tmux-advanced-workflow",
            "sanitize-git-repo.hard",
            "chess-best-move",
            "hello-world",
            "build-tcc-qemu",
            "get-bitcoin-nodes",
            "extract-safely",
            "vim-terminal-task"
        ],
        "registry_url": null,
        "local_registry_path": null
    },
    "local_config": {
        "output_path": "/root/workspace/SkillForge/experiments_results/harbor_tb2/hy3-preview-ioa/runs_A_iter2",
        "run_id": "2026-07-03__05-07-21",
        "upload_results": false
    }
}